
Microsoft Visual Studio Solution File, Format Version 12.00
# Visual Studio Version 17
VisualStudioVersion = 17.2.32519.379
MinimumVisualStudioVersion = 10.0.40219.1
Project("{9A19103F-16F7-4668-BE54-9A1E7A4F7556}") = "Guesser", "LeetCode\Guesser.csproj", "{1D8561B4-4BBB-419E-9B8A-048EDA73E6B5}"
EndProject
Global
	GlobalSection(SolutionConfigurationPlatforms) = preSolution
		Debug|Any CPU = Debug|Any CPU
		Release|Any CPU = Release|Any CPU
	EndGlobalSection
	GlobalSection(ProjectConfigurationPlatforms) = postSolution
		{1D8561B4-4BBB-419E-9B8A-048EDA73E6B5}.Debug|Any CPU.ActiveCfg = Debug|Any CPU
		{1D8561B4-4BBB-419E-9B8A-048EDA73E6B5}.Debug|Any CPU.Build.0 = Debug|Any CPU
		{1D8561B4-4BBB-419E-9B8A-048EDA73E6B5}.Release|Any CPU.ActiveCfg = Release|Any CPU
		{1D8561B4-4BBB-419E-9B8A-048EDA73E6B5}.Release|Any CPU.Build.0 = Release|Any CPU
	EndGlobalSection
	GlobalSection(SolutionProperties) = preSolution
		HideSolutionNode = FALSE
	EndGlobalSection
	GlobalSection(ExtensibilityGlobals) = postSolution
		SolutionGuid = {27DF2DEF-1FF4-451F-A02F-44D798D628DD}
	EndGlobalSection
EndGlobal
